
Microsoft Visual Studio Solution File, Format Version 12.00
# Visual Studio Version 17
VisualStudioVersion = 17.10.35027.167
MinimumVisualStudioVersion = 10.0.40219.1
Project("{FAE04EC0-301F-11D3-BF4B-00C04F79EFBC}") = "testtask", "testtask\testtask.csproj", "{6A77C03E-615E-47A8-AD9C-2F9434551365}"
EndProject
Global
	GlobalSection(SolutionConfigurationPlatforms) = preSolution
		Debug|Any CPU = Debug|Any CPU
		Release|Any CPU = Release|Any CPU
	EndGlobalSection
	GlobalSection(ProjectConfigurationPlatforms) = postSolution
		{6A77C03E-615E-47A8-AD9C-2F9434551365}.Debug|Any CPU.ActiveCfg = Debug|Any CPU
		{6A77C03E-615E-47A8-AD9C-2F9434551365}.Debug|Any CPU.Build.0 = Debug|Any CPU
		{6A77C03E-615E-47A8-AD9C-2F9434551365}.Release|Any CPU.ActiveCfg = Release|Any CPU
		{6A77C03E-615E-47A8-AD9C-2F9434551365}.Release|Any CPU.Build.0 = Release|Any CPU
	EndGlobalSection
	GlobalSection(SolutionProperties) = preSolution
		HideSolutionNode = FALSE
	EndGlobalSection
	GlobalSection(ExtensibilityGlobals) = postSolution
		SolutionGuid = {015D849B-5AB5-4CD9-BA58-E688A6C85039}
	EndGlobalSection
EndGlobal
